
Microsoft Visual Studio Solution File, Format Version 12.00
# Visual Studio 2015
Project("{FAE04EC0-301F-11D3-BF4B-00C04F79EFBC}") = "Tavern", "Tavern.csproj", "{9B734CB1-BA2B-08D1-DC13-1FE3A1E1D157}"
EndProject
Project("{FAE04EC0-301F-11D3-BF4B-00C04F79EFBC}") = "Tavern.Editor", "Tavern.Editor.csproj", "{5EF84F6B-178C-D6AE-E264-518AE6B88A45}"
EndProject
Global
	GlobalSection(SolutionConfigurationPlatforms) = preSolution
		Debug|Any CPU = Debug|Any CPU
		Release|Any CPU = Release|Any CPU
	EndGlobalSection
	GlobalSection(ProjectConfigurationPlatforms) = postSolution
		{9B734CB1-BA2B-08D1-DC13-1FE3A1E1D157}.Debug|Any CPU.ActiveCfg = Debug|Any CPU
		{9B734CB1-BA2B-08D1-DC13-1FE3A1E1D157}.Debug|Any CPU.Build.0 = Debug|Any CPU
		{9B734CB1-BA2B-08D1-DC13-1FE3A1E1D157}.Release|Any CPU.ActiveCfg = Release|Any CPU
		{9B734CB1-BA2B-08D1-DC13-1FE3A1E1D157}.Release|Any CPU.Build.0 = Release|Any CPU
		{5EF84F6B-178C-D6AE-E264-518AE6B88A45}.Debug|Any CPU.ActiveCfg = Debug|Any CPU
		{5EF84F6B-178C-D6AE-E264-518AE6B88A45}.Debug|Any CPU.Build.0 = Debug|Any CPU
		{5EF84F6B-178C-D6AE-E264-518AE6B88A45}.Release|Any CPU.ActiveCfg = Release|Any CPU
		{5EF84F6B-178C-D6AE-E264-518AE6B88A45}.Release|Any CPU.Build.0 = Release|Any CPU
	EndGlobalSection
	GlobalSection(SolutionProperties) = preSolution
		HideSolutionNode = FALSE
	EndGlobalSection
EndGlobal
